
Microsoft Visual Studio Solution File, Format Version 12.00
# Visual Studio Version 16
VisualStudioVersion = 16.0.31112.23
MinimumVisualStudioVersion = 10.0.40219.1
Project("{FAE04EC0-301F-11D3-BF4B-00C04F79EFBC}") = "AS2021_4H_SIR_BronzettiChristian_Verificasottoreti", "AS2021_4H_SIR_BronzettiChristian_Verificasottoreti\AS2021_4H_SIR_BronzettiChristian_Verificasottoreti.csproj", "{860CCE51-CE7A-4F59-AE1D-1EC1C3A4F549}"
EndProject
Project("{FAE04EC0-301F-11D3-BF4B-00C04F79EFBC}") = "TestProject1", "TestProject1\TestProject1.csproj", "{A474C52F-5D6D-4CB3-88D7-8034D16B10D5}"
EndProject
Global
	GlobalSection(SolutionConfigurationPlatforms) = preSolution
		Debug|Any CPU = Debug|Any CPU
		Release|Any CPU = Release|Any CPU
	EndGlobalSection
	GlobalSection(ProjectConfigurationPlatforms) = postSolution
		{860CCE51-CE7A-4F59-AE1D-1EC1C3A4F549}.Debug|Any CPU.ActiveCfg = Debug|Any CPU
		{860CCE51-CE7A-4F59-AE1D-1EC1C3A4F549}.Debug|Any CPU.Build.0 = Debug|Any CPU
		{860CCE51-CE7A-4F59-AE1D-1EC1C3A4F549}.Release|Any CPU.ActiveCfg = Release|Any CPU
		{860CCE51-CE7A-4F59-AE1D-1EC1C3A4F549}.Release|Any CPU.Build.0 = Release|Any CPU
		{A474C52F-5D6D-4CB3-88D7-8034D16B10D5}.Debug|Any CPU.ActiveCfg = Debug|Any CPU
		{A474C52F-5D6D-4CB3-88D7-8034D16B10D5}.Debug|Any CPU.Build.0 = Debug|Any CPU
		{A474C52F-5D6D-4CB3-88D7-8034D16B10D5}.Release|Any CPU.ActiveCfg = Release|Any CPU
		{A474C52F-5D6D-4CB3-88D7-8034D16B10D5}.Release|Any CPU.Build.0 = Release|Any CPU
	EndGlobalSection
	GlobalSection(SolutionProperties) = preSolution
		HideSolutionNode = FALSE
	EndGlobalSection
	GlobalSection(ExtensibilityGlobals) = postSolution
		SolutionGuid = {C74FB658-29DC-427B-A84E-18718F2F7965}
	EndGlobalSection
EndGlobal
